// !$*UTF8*$!
{
	archiveVersion = 1;
	classes = {
	};
	objectVersion = 56;
	objects = {

/* Begin PBXBuildFile section */
		1DC0D2DA2B6ED8B100AFB7FC /* AppDelegate.swift in Sources */ = {isa = PBXBuildFile; fileRef = 1DC0D2D92B6ED8B100AFB7FC /* AppDelegate.swift */; };
		1DC0D2DC2B6ED8B100AFB7FC /* SceneDelegate.swift in Sources */ = {isa = PBXBuildFile; fileRef = 1DC0D2DB2B6ED8B100AFB7FC /* SceneDelegate.swift */; };
		1DC0D2DE2B6ED8B100AFB7FC /* ViewController.swift in Sources */ = {isa = PBXBuildFile; fileRef = 1DC0D2DD2B6ED8B100AFB7FC /* ViewController.swift */; };
		1DC0D2E12B6ED8B100AFB7FC /* Main.storyboard in Resources */ = {isa = PBXBuildFile; fileRef = 1DC0D2DF2B6ED8B100AFB7FC /* Main.storyboard */; };
		1DC0D2E32B6ED8B400AFB7FC /* Assets.xcassets in Resources */ = {isa = PBXBuildFile; fileRef = 1DC0D2E22B6ED8B400AFB7FC /* Assets.xcassets */; };
		1DC0D2E62B6ED8B400AFB7FC /* LaunchScreen.storyboard in Resources */ = {isa = PBXBuildFile; fileRef = 1DC0D2E42B6ED8B400AFB7FC /* LaunchScreen.storyboard */; };
		1DC0D2F12B6ED8B400AFB7FC /* MarvelWikiAppTests.swift in Sources */ = {isa = PBXBuildFile; fileRef = 1DC0D2F02B6ED8B400AFB7FC /* MarvelWikiAppTests.swift */; };
		1DC0D2FB2B6ED8B500AFB7FC /* MarvelWikiAppUITests.swift in Sources */ = {isa = PBXBuildFile; fileRef = 1DC0D2FA2B6ED8B500AFB7FC /* MarvelWikiAppUITests.swift */; };
		1DC0D2FD2B6ED8B500AFB7FC /* MarvelWikiAppUITestsLaunchTests.swift in Sources */ = {isa = PBXBuildFile; fileRef = 1DC0D2FC2B6ED8B500AFB7FC /* MarvelWikiAppUITestsLaunchTests.swift */; };
/* End PBXBuildFile section */

/* Begin PBXContainerItemProxy section */
		1DC0D2ED2B6ED8B400AFB7FC /* PBXContainerItemProxy */ = {
			isa = PBXContainerItemProxy;
			containerPortal = 1DC0D2CE2B6ED8B000AFB7FC /* Project object */;
			proxyType = 1;
			remoteGlobalIDString = 1DC0D2D52B6ED8B100AFB7FC;
			remoteInfo = MarvelWikiApp;
		};
		1DC0D2F72B6ED8B500AFB7FC /* PBXContainerItemProxy */ = {
			isa = PBXContainerItemProxy;
			containerPortal = 1DC0D2CE2B6ED8B000AFB7FC /* Project object */;
			proxyType = 1;
			remoteGlobalIDString = 1DC0D2D52B6ED8B100AFB7FC;
			remoteInfo = MarvelWikiApp;
		};
/* End PBXContainerItemProxy section */

/* Begin PBXFileReference section */
		1DC0D2D62B6ED8B100AFB7FC /* MarvelWikiApp.app */ = {isa = PBXFileReference; explicitFileType = wrapper.application; includeInIndex = 0; path = MarvelWikiApp.app; sourceTree = BUILT_PRODUCTS_DIR; };
		1DC0D2D92B6ED8B100AFB7FC /* AppDelegate.swift */ = {isa = PBXFileReference; lastKnownFileType = sourcecode.swift; path = AppDelegate.swift; sourceTree = "<group>"; };
		1DC0D2DB2B6ED8B100AFB7FC /* SceneDelegate.swift */ = {isa = PBXFileReference; lastKnownFileType = sourcecode.swift; path = SceneDelegate.swift; sourceTree = "<group>"; };
		1DC0D2DD2B6ED8B100AFB7FC /* ViewController.swift */ = {isa = PBXFileReference; lastKnownFileType = sourcecode.swift; path = ViewController.swift; sourceTree = "<group>"; };
		1DC0D2E02B6ED8B100AFB7FC /* Base */ = {isa = PBXFileReference; lastKnownFileType = file.storyboard; name = Base; path = Base.lproj/Main.storyboard; sourceTree = "<group>"; };
		1DC0D2E22B6ED8B400AFB7FC /* Assets.xcassets */ = {isa = PBXFileReference; lastKnownFileType = folder.assetcatalog; path = Assets.xcassets; sourceTree = "<group>"; };
		1DC0D2E52B6ED8B400AFB7FC /* Base */ = {isa = PBXFileReference; lastKnownFileType = file.storyboard; name = Base; path = Base.lproj/LaunchScreen.storyboard; sourceTree = "<group>"; };
		1DC0D2E72B6ED8B400AFB7FC /* Info.plist */ = {isa = PBXFileReference; lastKnownFileType = text.plist.xml; path = Info.plist; sourceTree = "<group>"; };
		1DC0D2EC2B6ED8B400AFB7FC /* MarvelWikiAppTests.xctest */ = {isa = PBXFileReference; explicitFileType = wrapper.cfbundle; includeInIndex = 0; path = MarvelWikiAppTests.xctest; sourceTree = BUILT_PRODUCTS_DIR; };
		1DC0D2F02B6ED8B400AFB7FC /* MarvelWikiAppTests.swift */ = {isa = PBXFileReference; lastKnownFileType = sourcecode.swift; path = MarvelWikiAppTests.swift; sourceTree = "<group>"; };
		1DC0D2F62B6ED8B500AFB7FC /* MarvelWikiAppUITests.xctest */ = {isa = PBXFileReference; explicitFileType = wrapper.cfbundle; includeInIndex = 0; path = MarvelWikiAppUITests.xctest; sourceTree = BUILT_PRODUCTS_DIR; };
		1DC0D2FA2B6ED8B500AFB7FC /* MarvelWikiAppUITests.swift */ = {isa = PBXFileReference; lastKnownFileType = sourcecode.swift; path = MarvelWikiAppUITests.swift; sourceTree = "<group>"; };
		1DC0D2FC2B6ED8B500AFB7FC /* MarvelWikiAppUITestsLaunchTests.swift */ = {isa = PBXFileReference; lastKnownFileType = sourcecode.swift; path = MarvelWikiAppUITestsLaunchTests.swift; sourceTree = "<group>"; };
/* End PBXFileReference section */

/* Begin PBXFrameworksBuildPhase section */
		1DC0D2D32B6ED8B100AFB7FC /* Frameworks */ = {
			isa = PBXFrameworksBuildPhase;
			buildActionMask = 2147483647;
			files = (
			);
			runOnlyForDeploymentPostprocessing = 0;
		};
		1DC0D2E92B6ED8B400AFB7FC /* Frameworks */ = {
			isa = PBXFrameworksBuildPhase;
			buildActionMask = 2147483647;
			files = (
			);
			runOnlyForDeploymentPostprocessing = 0;
		};
		1DC0D2F32B6ED8B500AFB7FC /* Frameworks */ = {
			isa = PBXFrameworksBuildPhase;
			buildActionMask = 2147483647;
			files = (
			);
			runOnlyForDeploymentPostprocessing = 0;
		};
/* End PBXFrameworksBuildPhase section */

/* Begin PBXGroup section */
		1DC0D2CD2B6ED8B000AFB7FC = {
			isa = PBXGroup;
			children = (
				1DC0D2D82B6ED8B100AFB7FC /* MarvelWikiApp */,
				1DC0D2EF2B6ED8B400AFB7FC /* MarvelWikiAppTests */,
				1DC0D2F92B6ED8B500AFB7FC /* MarvelWikiAppUITests */,
				1DC0D2D72B6ED8B100AFB7FC /* Products */,
			);
			sourceTree = "<group>";
		};
		1DC0D2D72B6ED8B100AFB7FC /* Products */ = {
			isa = PBXGroup;
			children = (
				1DC0D2D62B6ED8B100AFB7FC /* MarvelWikiApp.app */,
				1DC0D2EC2B6ED8B400AFB7FC /* MarvelWikiAppTests.xctest */,
				1DC0D2F62B6ED8B500AFB7FC /* MarvelWikiAppUITests.xctest */,
			);
			name = Products;
			sourceTree = "<group>";
		};
		1DC0D2D82B6ED8B100AFB7FC /* MarvelWikiApp */ = {
			isa = PBXGroup;
			children = (
				1DC0D30A2B6EDB4D00AFB7FC /* HomeScreen */,
				1DC0D2D92B6ED8B100AFB7FC /* AppDelegate.swift */,
				1DC0D2DB2B6ED8B100AFB7FC /* SceneDelegate.swift */,
				1DC0D2DD2B6ED8B100AFB7FC /* ViewController.swift */,
				1DC0D2DF2B6ED8B100AFB7FC /* Main.storyboard */,
				1DC0D2E22B6ED8B400AFB7FC /* Assets.xcassets */,
				1DC0D2E42B6ED8B400AFB7FC /* LaunchScreen.storyboard */,
				1DC0D2E72B6ED8B400AFB7FC /* Info.plist */,
			);
			path = MarvelWikiApp;
			sourceTree = "<group>";
		};
		1DC0D2EF2B6ED8B400AFB7FC /* MarvelWikiAppTests */ = {
			isa = PBXGroup;
			children = (
				1DC0D2F02B6ED8B400AFB7FC /* MarvelWikiAppTests.swift */,
			);
			path = MarvelWikiAppTests;
			sourceTree = "<group>";
		};
		1DC0D2F92B6ED8B500AFB7FC /* MarvelWikiAppUITests */ = {
			isa = PBXGroup;
			children = (
				1DC0D2FA2B6ED8B500AFB7FC /* MarvelWikiAppUITests.swift */,
				1DC0D2FC2B6ED8B500AFB7FC /* MarvelWikiAppUITestsLaunchTests.swift */,
			);
			path = MarvelWikiAppUITests;
			sourceTree = "<group>";
		};
		1DC0D30A2B6EDB4D00AFB7FC /* HomeScreen */ = {
			isa = PBXGroup;
			children = (
				1DC0D30E2B6EDC2E00AFB7FC /* HomeCordinator */,
				1DC0D30D2B6EDC2400AFB7FC /* HomeModel */,
				1DC0D30C2B6EDC1C00AFB7FC /* HomeViewModel */,
				1DC0D30B2B6EDBD500AFB7FC /* HomeView */,
			);
			path = HomeScreen;
			sourceTree = "<group>";
		};
		1DC0D30B2B6EDBD500AFB7FC /* HomeView */ = {
			isa = PBXGroup;
			children = (
			);
			path = HomeView;
			sourceTree = "<group>";
		};
		1DC0D30C2B6EDC1C00AFB7FC /* HomeViewModel */ = {
			isa = PBXGroup;
			children = (
			);
			path = HomeViewModel;
			sourceTree = "<group>";
		};
		1DC0D30D2B6EDC2400AFB7FC /* HomeModel */ = {
			isa = PBXGroup;
			children = (
			);
			path = HomeModel;
			sourceTree = "<group>";
		};
		1DC0D30E2B6EDC2E00AFB7FC /* HomeCordinator */ = {
			isa = PBXGroup;
			children = (
			);
			path = HomeCordinator;
			sourceTree = "<group>";
		};
/* End PBXGroup section */

/* Begin PBXNativeTarget section */
		1DC0D2D52B6ED8B100AFB7FC /* MarvelWikiApp */ = {
			isa = PBXNativeTarget;
			buildConfigurationList = 1DC0D3002B6ED8B500AFB7FC /* Build configuration list for PBXNativeTarget "MarvelWikiApp" */;
			buildPhases = (
				1DC0D2D22B6ED8B100AFB7FC /* Sources */,
				1DC0D2D32B6ED8B100AFB7FC /* Frameworks */,
				1DC0D2D42B6ED8B100AFB7FC /* Resources */,
			);
			buildRules = (
			);
			dependencies = (
			);
			name = MarvelWikiApp;
			productName = MarvelWikiApp;
			productReference = 1DC0D2D62B6ED8B100AFB7FC /* MarvelWikiApp.app */;
			productType = "com.apple.product-type.application";
		};
		1DC0D2EB2B6ED8B400AFB7FC /* MarvelWikiAppTests */ = {
			isa = PBXNativeTarget;
			buildConfigurationList = 1DC0D3032B6ED8B500AFB7FC /* Build configuration list for PBXNativeTarget "MarvelWikiAppTests" */;
			buildPhases = (
				1DC0D2E82B6ED8B400AFB7FC /* Sources */,
				1DC0D2E92B6ED8B400AFB7FC /* Frameworks */,
				1DC0D2EA2B6ED8B400AFB7FC /* Resources */,
			);
			buildRules = (
			);
			dependencies = (
				1DC0D2EE2B6ED8B400AFB7FC /* PBXTargetDependency */,
			);
			name = MarvelWikiAppTests;
			productName = MarvelWikiAppTests;
			productReference = 1DC0D2EC2B6ED8B400AFB7FC /* MarvelWikiAppTests.xctest */;
			productType = "com.apple.product-type.bundle.unit-test";
		};
		1DC0D2F52B6ED8B500AFB7FC /* MarvelWikiAppUITests */ = {
			isa = PBXNativeTarget;
			buildConfigurationList = 1DC0D3062B6ED8B500AFB7FC /* Build configuration list for PBXNativeTarget "MarvelWikiAppUITests" */;
			buildPhases = (
				1DC0D2F22B6ED8B500AFB7FC /* Sources */,
				1DC0D2F32B6ED8B500AFB7FC /* Frameworks */,
				1DC0D2F42B6ED8B500AFB7FC /* Resources */,
			);
			buildRules = (
			);
			dependencies = (
				1DC0D2F82B6ED8B500AFB7FC /* PBXTargetDependency */,
			);
			name = MarvelWikiAppUITests;
			productName = MarvelWikiAppUITests;
			productReference = 1DC0D2F62B6ED8B500AFB7FC /* MarvelWikiAppUITests.xctest */;
			productType = "com.apple.product-type.bundle.ui-testing";
		};
/* End PBXNativeTarget section */

/* Begin PBXProject section */
		1DC0D2CE2B6ED8B000AFB7FC /* Project object */ = {
			isa = PBXProject;
			attributes = {
				BuildIndependentTargetsInParallel = 1;
				LastSwiftUpdateCheck = 1520;
				LastUpgradeCheck = 1520;
				TargetAttributes = {
					1DC0D2D52B6ED8B100AFB7FC = {
						CreatedOnToolsVersion = 15.2;
					};
					1DC0D2EB2B6ED8B400AFB7FC = {
						CreatedOnToolsVersion = 15.2;
						TestTargetID = 1DC0D2D52B6ED8B100AFB7FC;
					};
					1DC0D2F52B6ED8B500AFB7FC = {
						CreatedOnToolsVersion = 15.2;
						TestTargetID = 1DC0D2D52B6ED8B100AFB7FC;
					};
				};
			};
			buildConfigurationList = 1DC0D2D12B6ED8B000AFB7FC /* Build configuration list for PBXProject "MarvelWikiApp" */;
			compatibilityVersion = "Xcode 14.0";
			developmentRegion = en;
			hasScannedForEncodings = 0;
			knownRegions = (
				en,
				Base,
			);
			mainGroup = 1DC0D2CD2B6ED8B000AFB7FC;
			productRefGroup = 1DC0D2D72B6ED8B100AFB7FC /* Products */;
			projectDirPath = "";
			projectRoot = "";
			targets = (
				1DC0D2D52B6ED8B100AFB7FC /* MarvelWikiApp */,
				1DC0D2EB2B6ED8B400AFB7FC /* MarvelWikiAppTests */,
				1DC0D2F52B6ED8B500AFB7FC /* MarvelWikiAppUITests */,
			);
		};
/* End PBXProject section */

/* Begin PBXResourcesBuildPhase section */
		1DC0D2D42B6ED8B100AFB7FC /* Resources */ = {
			isa = PBXResourcesBuildPhase;
			buildActionMask = 2147483647;
			files = (
				1DC0D2E62B6ED8B400AFB7FC /* LaunchScreen.storyboard in Resources */,
				1DC0D2E32B6ED8B400AFB7FC /* Assets.xcassets in Resources */,
				1DC0D2E12B6ED8B100AFB7FC /* Main.storyboard in Resources */,
			);
			runOnlyForDeploymentPostprocessing = 0;
		};
		1DC0D2EA2B6ED8B400AFB7FC /* Resources */ = {
			isa = PBXResourcesBuildPhase;
			buildActionMask = 2147483647;
			files = (
			);
			runOnlyForDeploymentPostprocessing = 0;
		};
		1DC0D2F42B6ED8B500AFB7FC /* Resources */ = {
			isa = PBXResourcesBuildPhase;
			buildActionMask = 2147483647;
			files = (
			);
			runOnlyForDeploymentPostprocessing = 0;
		};
/* End PBXResourcesBuildPhase section */

/* Begin PBXSourcesBuildPhase section */
		1DC0D2D22B6ED8B100AFB7FC /* Sources */ = {
			isa = PBXSourcesBuildPhase;
			buildActionMask = 2147483647;
			files = (
				1DC0D2DE2B6ED8B100AFB7FC /* ViewController.swift in Sources */,
				1DC0D2DA2B6ED8B100AFB7FC /* AppDelegate.swift in Sources */,
				1DC0D2DC2B6ED8B100AFB7FC /* SceneDelegate.swift in Sources */,
			);
			runOnlyForDeploymentPostprocessing = 0;
		};
		1DC0D2E82B6ED8B400AFB7FC /* Sources */ = {
			isa = PBXSourcesBuildPhase;
			buildActionMask = 2147483647;
			files = (
				1DC0D2F12B6ED8B400AFB7FC /* MarvelWikiAppTests.swift in Sources */,
			);
			runOnlyForDeploymentPostprocessing = 0;
		};
		1DC0D2F22B6ED8B500AFB7FC /* Sources */ = {
			isa = PBXSourcesBuildPhase;
			buildActionMask = 2147483647;
			files = (
				1DC0D2FB2B6ED8B500AFB7FC /* MarvelWikiAppUITests.swift in Sources */,
				1DC0D2FD2B6ED8B500AFB7FC /* MarvelWikiAppUITestsLaunchTests.swift in Sources */,
			);
			runOnlyForDeploymentPostprocessing = 0;
		};
/* End PBXSourcesBuildPhase section */

/* Begin PBXTargetDependency section */
		1DC0D2EE2B6ED8B400AFB7FC /* PBXTargetDependency */ = {
			isa = PBXTargetDependency;
			target = 1DC0D2D52B6ED8B100AFB7FC /* MarvelWikiApp */;
			targetProxy = 1DC0D2ED2B6ED8B400AFB7FC /* PBXContainerItemProxy */;
		};
		1DC0D2F82B6ED8B500AFB7FC /* PBXTargetDependency */ = {
			isa = PBXTargetDependency;
			target = 1DC0D2D52B6ED8B100AFB7FC /* MarvelWikiApp */;
			targetProxy = 1DC0D2F72B6ED8B500AFB7FC /* PBXContainerItemProxy */;
		};
/* End PBXTargetDependency section */

/* Begin PBXVariantGroup section */
		1DC0D2DF2B6ED8B100AFB7FC /* Main.storyboard */ = {
			isa = PBXVariantGroup;
			children = (
				1DC0D2E02B6ED8B100AFB7FC /* Base */,
			);
			name = Main.storyboard;
			sourceTree = "<group>";
		};
		1DC0D2E42B6ED8B400AFB7FC /* LaunchScreen.storyboard */ = {
			isa = PBXVariantGroup;
			children = (
				1DC0D2E52B6ED8B400AFB7FC /* Base */,
			);
			name = LaunchScreen.storyboard;
			sourceTree = "<group>";
		};
/* End PBXVariantGroup section */

/* Begin XCBuildConfiguration section */
		1DC0D2FE2B6ED8B500AFB7FC /* Debug */ = {
			isa = XCBuildConfiguration;
			buildSettings = {
				ALWAYS_SEARCH_USER_PATHS = NO;
				ASSETCATALOG_COMPILER_GENERATE_SWIFT_ASSET_SYMBOL_EXTENSIONS = YES;
				CLANG_ANALYZER_NONNULL = YES;
				CLANG_ANALYZER_NUMBER_OBJECT_CONVERSION = YES_AGGRESSIVE;
				CLANG_CXX_LANGUAGE_STANDARD = "gnu++20";
				CLANG_ENABLE_MODULES = YES;
				CLANG_ENABLE_OBJC_ARC = YES;
				CLANG_ENABLE_OBJC_WEAK = YES;
				CLANG_WARN_BLOCK_CAPTURE_AUTORELEASING = YES;
				CLANG_WARN_BOOL_CONVERSION = YES;
				CLANG_WARN_COMMA = YES;
				CLANG_WARN_CONSTANT_CONVERSION = YES;
				CLANG_WARN_DEPRECATED_OBJC_IMPLEMENTATIONS = YES;
				CLANG_WARN_DIRECT_OBJC_ISA_USAGE = YES_ERROR;
				CLANG_WARN_DOCUMENTATION_COMMENTS = YES;
				CLANG_WARN_EMPTY_BODY = YES;
				CLANG_WARN_ENUM_CONVERSION = YES;
				CLANG_WARN_INFINITE_RECURSION = YES;
				CLANG_WARN_INT_CONVERSION = YES;
				CLANG_WARN_NON_LITERAL_NULL_CONVERSION = YES;
				CLANG_WARN_OBJC_IMPLICIT_RETAIN_SELF = YES;
				CLANG_WARN_OBJC_LITERAL_CONVERSION = YES;
				CLANG_WARN_OBJC_ROOT_CLASS = YES_ERROR;
				CLANG_WARN_QUOTED_INCLUDE_IN_FRAMEWORK_HEADER = YES;
				CLANG_WARN_RANGE_LOOP_ANALYSIS = YES;
				CLANG_WARN_STRICT_PROTOTYPES = YES;
				CLANG_WARN_SUSPICIOUS_MOVE = YES;
				CLANG_WARN_UNGUARDED_AVAILABILITY = YES_AGGRESSIVE;
				CLANG_WARN_UNREACHABLE_CODE = YES;
				CLANG_WARN__DUPLICATE_METHOD_MATCH = YES;
				COPY_PHASE_STRIP = NO;
				DEBUG_INFORMATION_FORMAT = dwarf;
				ENABLE_STRICT_OBJC_MSGSEND = YES;
				ENABLE_TESTABILITY = YES;
				ENABLE_USER_SCRIPT_SANDBOXING = YES;
				GCC_C_LANGUAGE_STANDARD = gnu17;
				GCC_DYNAMIC_NO_PIC = NO;
				GCC_NO_COMMON_BLOCKS = YES;
				GCC_OPTIMIZATION_LEVEL = 0;
				GCC_PREPROCESSOR_DEFINITIONS = (
					"DEBUG=1",
					"$(inherited)",
				);
				GCC_WARN_64_TO_32_BIT_CONVERSION = YES;
				GCC_WARN_ABOUT_RETURN_TYPE = YES_ERROR;
				GCC_WARN_UNDECLARED_SELECTOR = YES;
				GCC_WARN_UNINITIALIZED_AUTOS = YES_AGGRESSIVE;
				GCC_WARN_UNUSED_FUNCTION = YES;
				GCC_WARN_UNUSED_VARIABLE = YES;
				IPHONEOS_DEPLOYMENT_TARGET = 17.2;
				LOCALIZATION_PREFERS_STRING_CATALOGS = YES;
				MTL_ENABLE_DEBUG_INFO = INCLUDE_SOURCE;
				MTL_FAST_MATH = YES;
				ONLY_ACTIVE_ARCH = YES;
				SDKROOT = iphoneos;
				SWIFT_ACTIVE_COMPILATION_CONDITIONS = "DEBUG $(inherited)";
				SWIFT_OPTIMIZATION_LEVEL = "-Onone";
			};
			name = Debug;
		};
		1DC0D2FF2B6ED8B500AFB7FC /* Release */ = {
			isa = XCBuildConfiguration;
			buildSettings = {
				ALWAYS_SEARCH_USER_PATHS = NO;
				ASSETCATALOG_COMPILER_GENERATE_SWIFT_ASSET_SYMBOL_EXTENSIONS = YES;
				CLANG_ANALYZER_NONNULL = YES;
				CLANG_ANALYZER_NUMBER_OBJECT_CONVERSION = YES_AGGRESSIVE;
				CLANG_CXX_LANGUAGE_STANDARD = "gnu++20";
				CLANG_ENABLE_MODULES = YES;
				CLANG_ENABLE_OBJC_ARC = YES;
				CLANG_ENABLE_OBJC_WEAK = YES;
				CLANG_WARN_BLOCK_CAPTURE_AUTORELEASING = YES;
				CLANG_WARN_BOOL_CONVERSION = YES;
				CLANG_WARN_COMMA = YES;
				CLANG_WARN_CONSTANT_CONVERSION = YES;
				CLANG_WARN_DEPRECATED_OBJC_IMPLEMENTATIONS = YES;
				CLANG_WARN_DIRECT_OBJC_ISA_USAGE = YES_ERROR;
				CLANG_WARN_DOCUMENTATION_COMMENTS = YES;
				CLANG_WARN_EMPTY_BODY = YES;
				CLANG_WARN_ENUM_CONVERSION = YES;
				CLANG_WARN_INFINITE_RECURSION = YES;
				CLANG_WARN_INT_CONVERSION = YES;
				CLANG_WARN_NON_LITERAL_NULL_CONVERSION = YES;
				CLANG_WARN_OBJC_IMPLICIT_RETAIN_SELF = YES;
				CLANG_WARN_OBJC_LITERAL_CONVERSION = YES;
				CLANG_WARN_OBJC_ROOT_CLASS = YES_ERROR;
				CLANG_WARN_QUOTED_INCLUDE_IN_FRAMEWORK_HEADER = YES;
				CLANG_WARN_RANGE_LOOP_ANALYSIS = YES;
				CLANG_WARN_STRICT_PROTOTYPES = YES;
				CLANG_WARN_SUSPICIOUS_MOVE = YES;
				CLANG_WARN_UNGUARDED_AVAILABILITY = YES_AGGRESSIVE;
				CLANG_WARN_UNREACHABLE_CODE = YES;
				CLANG_WARN__DUPLICATE_METHOD_MATCH = YES;
				COPY_PHASE_STRIP = NO;
				DEBUG_INFORMATION_FORMAT = "dwarf-with-dsym";
				ENABLE_NS_ASSERTIONS = NO;
				ENABLE_STRICT_OBJC_MSGSEND = YES;
				ENABLE_USER_SCRIPT_SANDBOXING = YES;
				GCC_C_LANGUAGE_STANDARD = gnu17;
				GCC_NO_COMMON_BLOCKS = YES;
				GCC_WARN_64_TO_32_BIT_CONVERSION = YES;
				GCC_WARN_ABOUT_RETURN_TYPE = YES_ERROR;
				GCC_WARN_UNDECLARED_SELECTOR = YES;
				GCC_WARN_UNINITIALIZED_AUTOS = YES_AGGRESSIVE;
				GCC_WARN_UNUSED_FUNCTION = YES;
				GCC_WARN_UNUSED_VARIABLE = YES;
				IPHONEOS_DEPLOYMENT_TARGET = 17.2;
				LOCALIZATION_PREFERS_STRING_CATALOGS = YES;
				MTL_ENABLE_DEBUG_INFO = NO;
				MTL_FAST_MATH = YES;
				SDKROOT = iphoneos;
				SWIFT_COMPILATION_MODE = wholemodule;
				VALIDATE_PRODUCT = YES;
			};
			name = Release;
		};
		1DC0D3012B6ED8B500AFB7FC /* Debug */ = {
			isa = XCBuildConfiguration;
			buildSettings = {
				ASSETCATALOG_COMPILER_APPICON_NAME = AppIcon;
				ASSETCATALOG_COMPILER_GLOBAL_ACCENT_COLOR_NAME = AccentColor;
				ASSETCATALOG_COMPILER_INCLUDE_ALL_APPICON_ASSETS = YES;
				CODE_SIGN_STYLE = Automatic;
				CURRENT_PROJECT_VERSION = 1;
				DEVELOPMENT_TEAM = 7V5544LTYB;
				GENERATE_INFOPLIST_FILE = YES;
				INFOPLIST_FILE = MarvelWikiApp/Info.plist;
				INFOPLIST_KEY_UIApplicationSupportsIndirectInputEvents = YES;
				INFOPLIST_KEY_UILaunchStoryboardName = LaunchScreen.storyboard;
				INFOPLIST_KEY_UIMainStoryboardFile = Main;
				INFOPLIST_KEY_UISupportedInterfaceOrientations = UIInterfaceOrientationPortrait;
				INFOPLIST_KEY_UISupportedInterfaceOrientations_iPad = "UIInterfaceOrientationLandscapeLeft UIInterfaceOrientationLandscapeRight UIInterfaceOrientationPortrait UIInterfaceOrientationPortraitUpsideDown";
				IPHONEOS_DEPLOYMENT_TARGET = 16.0;
				LD_RUNPATH_SEARCH_PATHS = (
					"$(inherited)",
					"@executable_path/Frameworks",
				);
				MARKETING_VERSION = 1.0;
				PRODUCT_BUNDLE_IDENTIFIER = Gallardos.MarvelWikiApp;
				PRODUCT_NAME = "$(TARGET_NAME)";
				SUPPORTED_PLATFORMS = "iphoneos iphonesimulator";
				SUPPORTS_MACCATALYST = NO;
				SUPPORTS_MAC_DESIGNED_FOR_IPHONE_IPAD = NO;
				SUPPORTS_XR_DESIGNED_FOR_IPHONE_IPAD = NO;
				SWIFT_EMIT_LOC_STRINGS = YES;
				SWIFT_VERSION = 5.0;
				TARGETED_DEVICE_FAMILY = 1;
			};
			name = Debug;
		};
		1DC0D3022B6ED8B500AFB7FC /* Release */ = {
			isa = XCBuildConfiguration;
			buildSettings = {
				ASSETCATALOG_COMPILER_APPICON_NAME = AppIcon;
				ASSETCATALOG_COMPILER_GLOBAL_ACCENT_COLOR_NAME = AccentColor;
				ASSETCATALOG_COMPILER_INCLUDE_ALL_APPICON_ASSETS = YES;
				CODE_SIGN_STYLE = Automatic;
				CURRENT_PROJECT_VERSION = 1;
				DEVELOPMENT_TEAM = 7V5544LTYB;
				GENERATE_INFOPLIST_FILE = YES;
				INFOPLIST_FILE = MarvelWikiApp/Info.plist;
				INFOPLIST_KEY_UIApplicationSupportsIndirectInputEvents = YES;
				INFOPLIST_KEY_UILaunchStoryboardName = LaunchScreen.storyboard;
				INFOPLIST_KEY_UIMainStoryboardFile = Main;
				INFOPLIST_KEY_UISupportedInterfaceOrientations = UIInterfaceOrientationPortrait;
				INFOPLIST_KEY_UISupportedInterfaceOrientations_iPad = "UIInterfaceOrientationLandscapeLeft UIInterfaceOrientationLandscapeRight UIInterfaceOrientationPortrait UIInterfaceOrientationPortraitUpsideDown";
				IPHONEOS_DEPLOYMENT_TARGET = 16.0;
				LD_RUNPATH_SEARCH_PATHS = (
					"$(inherited)",
					"@executable_path/Frameworks",
				);
				MARKETING_VERSION = 1.0;
				PRODUCT_BUNDLE_IDENTIFIER = Gallardos.MarvelWikiApp;
				PRODUCT_NAME = "$(TARGET_NAME)";
				SUPPORTED_PLATFORMS = "iphoneos iphonesimulator";
				SUPPORTS_MACCATALYST = NO;
				SUPPORTS_MAC_DESIGNED_FOR_IPHONE_IPAD = NO;
				SUPPORTS_XR_DESIGNED_FOR_IPHONE_IPAD = NO;
				SWIFT_EMIT_LOC_STRINGS = YES;
				SWIFT_VERSION = 5.0;
				TARGETED_DEVICE_FAMILY = 1;
			};
			name = Release;
		};
		1DC0D3042B6ED8B500AFB7FC /* Debug */ = {
			isa = XCBuildConfiguration;
			buildSettings = {
				ALWAYS_EMBED_SWIFT_STANDARD_LIBRARIES = YES;
				BUNDLE_LOADER = "$(TEST_HOST)";
				CODE_SIGN_STYLE = Automatic;
				CURRENT_PROJECT_VERSION = 1;
				DEVELOPMENT_TEAM = 7V5544LTYB;
				GENERATE_INFOPLIST_FILE = YES;
				IPHONEOS_DEPLOYMENT_TARGET = 17.2;
				MARKETING_VERSION = 1.0;
				PRODUCT_BUNDLE_IDENTIFIER = Gallardos.MarvelWikiAppTests;
				PRODUCT_NAME = "$(TARGET_NAME)";
				SWIFT_EMIT_LOC_STRINGS = NO;
				SWIFT_VERSION = 5.0;
				TARGETED_DEVICE_FAMILY = "1,2";
				TEST_HOST = "$(BUILT_PRODUCTS_DIR)/MarvelWikiApp.app/$(BUNDLE_EXECUTABLE_FOLDER_PATH)/MarvelWikiApp";
			};
			name = Debug;
		};
		1DC0D3052B6ED8B500AFB7FC /* Release */ = {
			isa = XCBuildConfiguration;
			buildSettings = {
				ALWAYS_EMBED_SWIFT_STANDARD_LIBRARIES = YES;
				BUNDLE_LOADER = "$(TEST_HOST)";
				CODE_SIGN_STYLE = Automatic;
				CURRENT_PROJECT_VERSION = 1;
				DEVELOPMENT_TEAM = 7V5544LTYB;
				GENERATE_INFOPLIST_FILE = YES;
				IPHONEOS_DEPLOYMENT_TARGET = 17.2;
				MARKETING_VERSION = 1.0;
				PRODUCT_BUNDLE_IDENTIFIER = Gallardos.MarvelWikiAppTests;
				PRODUCT_NAME = "$(TARGET_NAME)";
				SWIFT_EMIT_LOC_STRINGS = NO;
				SWIFT_VERSION = 5.0;
				TARGETED_DEVICE_FAMILY = "1,2";
				TEST_HOST = "$(BUILT_PRODUCTS_DIR)/MarvelWikiApp.app/$(BUNDLE_EXECUTABLE_FOLDER_PATH)/MarvelWikiApp";
			};
			name = Release;
		};
		1DC0D3072B6ED8B500AFB7FC /* Debug */ = {
			isa = XCBuildConfiguration;
			buildSettings = {
				ALWAYS_EMBED_SWIFT_STANDARD_LIBRARIES = YES;
				CODE_SIGN_STYLE = Automatic;
				CURRENT_PROJECT_VERSION = 1;
				DEVELOPMENT_TEAM = 7V5544LTYB;
				GENERATE_INFOPLIST_FILE = YES;
				MARKETING_VERSION = 1.0;
				PRODUCT_BUNDLE_IDENTIFIER = Gallardos.MarvelWikiAppUITests;
				PRODUCT_NAME = "$(TARGET_NAME)";
				SWIFT_EMIT_LOC_STRINGS = NO;
				SWIFT_VERSION = 5.0;
				TARGETED_DEVICE_FAMILY = "1,2";
				TEST_TARGET_NAME = MarvelWikiApp;
			};
			name = Debug;
		};
		1DC0D3082B6ED8B500AFB7FC /* Release */ = {
			isa = XCBuildConfiguration;
			buildSettings = {
				ALWAYS_EMBED_SWIFT_STANDARD_LIBRARIES = YES;
				CODE_SIGN_STYLE = Automatic;
				CURRENT_PROJECT_VERSION = 1;
				DEVELOPMENT_TEAM = 7V5544LTYB;
				GENERATE_INFOPLIST_FILE = YES;
				MARKETING_VERSION = 1.0;
				PRODUCT_BUNDLE_IDENTIFIER = Gallardos.MarvelWikiAppUITests;
				PRODUCT_NAME = "$(TARGET_NAME)";
				SWIFT_EMIT_LOC_STRINGS = NO;
				SWIFT_VERSION = 5.0;
				TARGETED_DEVICE_FAMILY = "1,2";
				TEST_TARGET_NAME = MarvelWikiApp;
			};
			name = Release;
		};
/* End XCBuildConfiguration section */

/* Begin XCConfigurationList section */
		1DC0D2D12B6ED8B000AFB7FC /* Build configuration list for PBXProject "MarvelWikiApp" */ = {
			isa = XCConfigurationList;
			buildConfigurations = (
				1DC0D2FE2B6ED8B500AFB7FC /* Debug */,
				1DC0D2FF2B6ED8B500AFB7FC /* Release */,
			);
			defaultConfigurationIsVisible = 0;
			defaultConfigurationName = Release;
		};
		1DC0D3002B6ED8B500AFB7FC /* Build configuration list for PBXNativeTarget "MarvelWikiApp" */ = {
			isa = XCConfigurationList;
			buildConfigurations = (
				1DC0D3012B6ED8B500AFB7FC /* Debug */,
				1DC0D3022B6ED8B500AFB7FC /* Release */,
			);
			defaultConfigurationIsVisible = 0;
			defaultConfigurationName = Release;
		};
		1DC0D3032B6ED8B500AFB7FC /* Build configuration list for PBXNativeTarget "MarvelWikiAppTests" */ = {
			isa = XCConfigurationList;
			buildConfigurations = (
				1DC0D3042B6ED8B500AFB7FC /* Debug */,
				1DC0D3052B6ED8B500AFB7FC /* Release */,
			);
			defaultConfigurationIsVisible = 0;
			defaultConfigurationName = Release;
		};
		1DC0D3062B6ED8B500AFB7FC /* Build configuration list for PBXNativeTarget "MarvelWikiAppUITests" */ = {
			isa = XCConfigurationList;
			buildConfigurations = (
				1DC0D3072B6ED8B500AFB7FC /* Debug */,
				1DC0D3082B6ED8B500AFB7FC /* Release */,
			);
			defaultConfigurationIsVisible = 0;
			defaultConfigurationName = Release;
		};
/* End XCConfigurationList section */
	};
	rootObject = 1DC0D2CE2B6ED8B000AFB7FC /* Project object */;
}
